
Microsoft Visual Studio Solution File, Format Version 12.00
# Visual Studio 15
VisualStudioVersion = 15.0.27428.1
MinimumVisualStudioVersion = 10.0.40219.1
Project("{FAE04EC0-301F-11D3-BF4B-00C04F79EFBC}") = "DogsRacePROJECT", "DogsRacePROJECT\DogsRacePROJECT.csproj", "{99B71C72-A793-42A2-B13C-5519A27FDA51}"
EndProject
Global
	GlobalSection(SolutionConfigurationPlatforms) = preSolution
		Debug|Any CPU = Debug|Any CPU
		Release|Any CPU = Release|Any CPU
	EndGlobalSection
	GlobalSection(ProjectConfigurationPlatforms) = postSolution
		{99B71C72-A793-42A2-B13C-5519A27FDA51}.Debug|Any CPU.ActiveCfg = Debug|Any CPU
		{99B71C72-A793-42A2-B13C-5519A27FDA51}.Debug|Any CPU.Build.0 = Debug|Any CPU
		{99B71C72-A793-42A2-B13C-5519A27FDA51}.Release|Any CPU.ActiveCfg = Release|Any CPU
		{99B71C72-A793-42A2-B13C-5519A27FDA51}.Release|Any CPU.Build.0 = Release|Any CPU
	EndGlobalSection
	GlobalSection(SolutionProperties) = preSolution
		HideSolutionNode = FALSE
	EndGlobalSection
	GlobalSection(ExtensibilityGlobals) = postSolution
		SolutionGuid = {9432332B-9224-4E4B-96EA-D693A32F86E9}
	EndGlobalSection
EndGlobal
